
Microsoft Visual Studio Solution File, Format Version 12.00
# Visual Studio 2013
VisualStudioVersion = 12.0.31101.0
MinimumVisualStudioVersion = 10.0.40219.1
Project("{8BC9CEB8-8B4A-11D0-8D11-00A0C91BC942}") = "dg", "dg\dg.vcxproj", "{2B5D4DB2-87BA-491A-A134-D515996DE66B}"
	ProjectSection(ProjectDependencies) = postProject
		{836ABFDD-51E7-4BEB-AF51-EC9469A3B895} = {836ABFDD-51E7-4BEB-AF51-EC9469A3B895}
	EndProjectSection
EndProject
Project("{8BC9CEB8-8B4A-11D0-8D11-00A0C91BC942}") = "dglib", "dglib\dglib.vcxproj", "{836ABFDD-51E7-4BEB-AF51-EC9469A3B895}"
EndProject
Global
	GlobalSection(SolutionConfigurationPlatforms) = preSolution
		Debug|Win32 = Debug|Win32
		Release|Win32 = Release|Win32
	EndGlobalSection
	GlobalSection(ProjectConfigurationPlatforms) = postSolution
		{2B5D4DB2-87BA-491A-A134-D515996DE66B}.Debug|Win32.ActiveCfg = Debug|Win32
		{2B5D4DB2-87BA-491A-A134-D515996DE66B}.Debug|Win32.Build.0 = Debug|Win32
		{2B5D4DB2-87BA-491A-A134-D515996DE66B}.Release|Win32.ActiveCfg = Release|Win32
		{2B5D4DB2-87BA-491A-A134-D515996DE66B}.Release|Win32.Build.0 = Release|Win32
		{836ABFDD-51E7-4BEB-AF51-EC9469A3B895}.Debug|Win32.ActiveCfg = Debug|Win32
		{836ABFDD-51E7-4BEB-AF51-EC9469A3B895}.Debug|Win32.Build.0 = Debug|Win32
		{836ABFDD-51E7-4BEB-AF51-EC9469A3B895}.Release|Win32.ActiveCfg = Release|Win32
		{836ABFDD-51E7-4BEB-AF51-EC9469A3B895}.Release|Win32.Build.0 = Release|Win32
	EndGlobalSection
	GlobalSection(SolutionProperties) = preSolution
		HideSolutionNode = FALSE
	EndGlobalSection
EndGlobal
